// !$*UTF8*$!
{
	archiveVersion = 1;
	classes = {
	};
	objectVersion = 52;
	objects = {

/* Begin PBXBuildFile section */
		BF4D2B1E2471CB0B0080E50F /* TinierNetworking in Frameworks */ = {isa = PBXBuildFile; productRef = BF4D2B1D2471CB0B0080E50F /* TinierNetworking */; };
		BF598F332471C2E0005791F3 /* AppDelegate.swift in Sources */ = {isa = PBXBuildFile; fileRef = BF598F322471C2E0005791F3 /* AppDelegate.swift */; };
		BF598F352471C2E0005791F3 /* SceneDelegate.swift in Sources */ = {isa = PBXBuildFile; fileRef = BF598F342471C2E0005791F3 /* SceneDelegate.swift */; };
		BF598F372471C2E0005791F3 /* TodosListView.swift in Sources */ = {isa = PBXBuildFile; fileRef = BF598F362471C2E0005791F3 /* TodosListView.swift */; };
		BF598F392471C2E2005791F3 /* Assets.xcassets in Resources */ = {isa = PBXBuildFile; fileRef = BF598F382471C2E2005791F3 /* Assets.xcassets */; };
		BF598F3C2471C2E2005791F3 /* Preview Assets.xcassets in Resources */ = {isa = PBXBuildFile; fileRef = BF598F3B2471C2E2005791F3 /* Preview Assets.xcassets */; };
		BF598F3F2471C2E2005791F3 /* LaunchScreen.storyboard in Resources */ = {isa = PBXBuildFile; fileRef = BF598F3D2471C2E2005791F3 /* LaunchScreen.storyboard */; };
		BF598F482471C5C5005791F3 /* ActivityIndicatorView in Frameworks */ = {isa = PBXBuildFile; productRef = BF598F472471C5C5005791F3 /* ActivityIndicatorView */; };
		BF598F4B2471C6CD005791F3 /* Resolver in Frameworks */ = {isa = PBXBuildFile; productRef = BF598F4A2471C6CD005791F3 /* Resolver */; };
		BF598F4D2471C6F0005791F3 /* AppDelegate+Injection.swift in Sources */ = {isa = PBXBuildFile; fileRef = BF598F4C2471C6F0005791F3 /* AppDelegate+Injection.swift */; };
		BF598F532471C7AC005791F3 /* EndpointModel in Frameworks */ = {isa = PBXBuildFile; productRef = BF598F522471C7AC005791F3 /* EndpointModel */; };
		BF598F572471C874005791F3 /* TodosModel.swift in Sources */ = {isa = PBXBuildFile; fileRef = BF598F562471C874005791F3 /* TodosModel.swift */; };
		BF598F592471C8AA005791F3 /* TodoEndpoints.swift in Sources */ = {isa = PBXBuildFile; fileRef = BF598F582471C8AA005791F3 /* TodoEndpoints.swift */; };
		BFF732D12471CEBF005B17A8 /* StatusOverlay.swift in Sources */ = {isa = PBXBuildFile; fileRef = BFF732D02471CEBF005B17A8 /* StatusOverlay.swift */; };
/* End PBXBuildFile section */

/* Begin PBXFileReference section */
		BF598F2F2471C2E0005791F3 /* TodosExample.app */ = {isa = PBXFileReference; explicitFileType = wrapper.application; includeInIndex = 0; path = TodosExample.app; sourceTree = BUILT_PRODUCTS_DIR; };
		BF598F322471C2E0005791F3 /* AppDelegate.swift */ = {isa = PBXFileReference; lastKnownFileType = sourcecode.swift; path = AppDelegate.swift; sourceTree = "<group>"; };
		BF598F342471C2E0005791F3 /* SceneDelegate.swift */ = {isa = PBXFileReference; lastKnownFileType = sourcecode.swift; path = SceneDelegate.swift; sourceTree = "<group>"; };
		BF598F362471C2E0005791F3 /* TodosListView.swift */ = {isa = PBXFileReference; lastKnownFileType = sourcecode.swift; path = TodosListView.swift; sourceTree = "<group>"; };
		BF598F382471C2E2005791F3 /* Assets.xcassets */ = {isa = PBXFileReference; lastKnownFileType = folder.assetcatalog; path = Assets.xcassets; sourceTree = "<group>"; };
		BF598F3B2471C2E2005791F3 /* Preview Assets.xcassets */ = {isa = PBXFileReference; lastKnownFileType = folder.assetcatalog; path = "Preview Assets.xcassets"; sourceTree = "<group>"; };
		BF598F3E2471C2E2005791F3 /* Base */ = {isa = PBXFileReference; lastKnownFileType = file.storyboard; name = Base; path = Base.lproj/LaunchScreen.storyboard; sourceTree = "<group>"; };
		BF598F402471C2E2005791F3 /* Info.plist */ = {isa = PBXFileReference; lastKnownFileType = text.plist.xml; path = Info.plist; sourceTree = "<group>"; };
		BF598F4C2471C6F0005791F3 /* AppDelegate+Injection.swift */ = {isa = PBXFileReference; lastKnownFileType = sourcecode.swift; path = "AppDelegate+Injection.swift"; sourceTree = "<group>"; };
		BF598F562471C874005791F3 /* TodosModel.swift */ = {isa = PBXFileReference; lastKnownFileType = sourcecode.swift; path = TodosModel.swift; sourceTree = "<group>"; };
		BF598F582471C8AA005791F3 /* TodoEndpoints.swift */ = {isa = PBXFileReference; lastKnownFileType = sourcecode.swift; path = TodoEndpoints.swift; sourceTree = "<group>"; };
		BFF732D02471CEBF005B17A8 /* StatusOverlay.swift */ = {isa = PBXFileReference; lastKnownFileType = sourcecode.swift; path = StatusOverlay.swift; sourceTree = "<group>"; };
/* End PBXFileReference section */

/* Begin PBXFrameworksBuildPhase section */
		BF598F2C2471C2E0005791F3 /* Frameworks */ = {
			isa = PBXFrameworksBuildPhase;
			buildActionMask = 2147483647;
			files = (
				BF598F532471C7AC005791F3 /* EndpointModel in Frameworks */,
				BF598F4B2471C6CD005791F3 /* Resolver in Frameworks */,
				BF598F482471C5C5005791F3 /* ActivityIndicatorView in Frameworks */,
				BF4D2B1E2471CB0B0080E50F /* TinierNetworking in Frameworks */,
			);
			runOnlyForDeploymentPostprocessing = 0;
		};
/* End PBXFrameworksBuildPhase section */

/* Begin PBXGroup section */
		BF598F262471C2E0005791F3 = {
			isa = PBXGroup;
			children = (
				BF598F312471C2E0005791F3 /* TodosExample */,
				BF598F302471C2E0005791F3 /* Products */,
			);
			sourceTree = "<group>";
		};
		BF598F302471C2E0005791F3 /* Products */ = {
			isa = PBXGroup;
			children = (
				BF598F2F2471C2E0005791F3 /* TodosExample.app */,
			);
			name = Products;
			sourceTree = "<group>";
		};
		BF598F312471C2E0005791F3 /* TodosExample */ = {
			isa = PBXGroup;
			children = (
				BF598F4E2471C714005791F3 /* App */,
				BF598F502471C71F005791F3 /* Assets */,
				BF598F542471C83F005791F3 /* Endpoints */,
				BF598F552471C867005791F3 /* Models */,
				BF598F4F2471C71A005791F3 /* Views */,
			);
			path = TodosExample;
			sourceTree = "<group>";
		};
		BF598F3A2471C2E2005791F3 /* Preview Content */ = {
			isa = PBXGroup;
			children = (
				BF598F3B2471C2E2005791F3 /* Preview Assets.xcassets */,
			);
			path = "Preview Content";
			sourceTree = "<group>";
		};
		BF598F4E2471C714005791F3 /* App */ = {
			isa = PBXGroup;
			children = (
				BF598F322471C2E0005791F3 /* AppDelegate.swift */,
				BF598F4C2471C6F0005791F3 /* AppDelegate+Injection.swift */,
				BF598F342471C2E0005791F3 /* SceneDelegate.swift */,
				BF598F402471C2E2005791F3 /* Info.plist */,
			);
			path = App;
			sourceTree = "<group>";
		};
		BF598F4F2471C71A005791F3 /* Views */ = {
			isa = PBXGroup;
			children = (
				BF598F362471C2E0005791F3 /* TodosListView.swift */,
				BFF732D02471CEBF005B17A8 /* StatusOverlay.swift */,
			);
			path = Views;
			sourceTree = "<group>";
		};
		BF598F502471C71F005791F3 /* Assets */ = {
			isa = PBXGroup;
			children = (
				BF598F382471C2E2005791F3 /* Assets.xcassets */,
				BF598F3D2471C2E2005791F3 /* LaunchScreen.storyboard */,
				BF598F3A2471C2E2005791F3 /* Preview Content */,
			);
			path = Assets;
			sourceTree = "<group>";
		};
		BF598F542471C83F005791F3 /* Endpoints */ = {
			isa = PBXGroup;
			children = (
				BF598F582471C8AA005791F3 /* TodoEndpoints.swift */,
			);
			path = Endpoints;
			sourceTree = "<group>";
		};
		BF598F552471C867005791F3 /* Models */ = {
			isa = PBXGroup;
			children = (
				BF598F562471C874005791F3 /* TodosModel.swift */,
			);
			path = Models;
			sourceTree = "<group>";
		};
/* End PBXGroup section */

/* Begin PBXNativeTarget section */
		BF598F2E2471C2E0005791F3 /* TodosExample */ = {
			isa = PBXNativeTarget;
			buildConfigurationList = BF598F432471C2E2005791F3 /* Build configuration list for PBXNativeTarget "TodosExample" */;
			buildPhases = (
				BF598F2B2471C2E0005791F3 /* Sources */,
				BF598F2C2471C2E0005791F3 /* Frameworks */,
				BF598F2D2471C2E0005791F3 /* Resources */,
			);
			buildRules = (
			);
			dependencies = (
			);
			name = TodosExample;
			packageProductDependencies = (
				BF598F472471C5C5005791F3 /* ActivityIndicatorView */,
				BF598F4A2471C6CD005791F3 /* Resolver */,
				BF598F522471C7AC005791F3 /* EndpointModel */,
				BF4D2B1D2471CB0B0080E50F /* TinierNetworking */,
			);
			productName = TodosExample;
			productReference = BF598F2F2471C2E0005791F3 /* TodosExample.app */;
			productType = "com.apple.product-type.application";
		};
/* End PBXNativeTarget section */

/* Begin PBXProject section */
		BF598F272471C2E0005791F3 /* Project object */ = {
			isa = PBXProject;
			attributes = {
				LastSwiftUpdateCheck = 1140;
				LastUpgradeCheck = 1140;
				ORGANIZATIONNAME = "Ralf Ebert";
				TargetAttributes = {
					BF598F2E2471C2E0005791F3 = {
						CreatedOnToolsVersion = 11.4.1;
					};
				};
			};
			buildConfigurationList = BF598F2A2471C2E0005791F3 /* Build configuration list for PBXProject "TodosExample" */;
			compatibilityVersion = "Xcode 9.3";
			developmentRegion = en;
			hasScannedForEncodings = 0;
			knownRegions = (
				en,
				Base,
			);
			mainGroup = BF598F262471C2E0005791F3;
			packageReferences = (
				BF598F462471C5C5005791F3 /* XCRemoteSwiftPackageReference "ActivityIndicatorView" */,
				BF598F492471C6CD005791F3 /* XCRemoteSwiftPackageReference "Resolver" */,
				BF598F512471C7AC005791F3 /* XCRemoteSwiftPackageReference "EndpointModel" */,
				BF4D2B1C2471CB0B0080E50F /* XCRemoteSwiftPackageReference "tinier-networking" */,
			);
			productRefGroup = BF598F302471C2E0005791F3 /* Products */;
			projectDirPath = "";
			projectRoot = "";
			targets = (
				BF598F2E2471C2E0005791F3 /* TodosExample */,
			);
		};
/* End PBXProject section */

/* Begin PBXResourcesBuildPhase section */
		BF598F2D2471C2E0005791F3 /* Resources */ = {
			isa = PBXResourcesBuildPhase;
			buildActionMask = 2147483647;
			files = (
				BF598F3F2471C2E2005791F3 /* LaunchScreen.storyboard in Resources */,
				BF598F3C2471C2E2005791F3 /* Preview Assets.xcassets in Resources */,
				BF598F392471C2E2005791F3 /* Assets.xcassets in Resources */,
			);
			runOnlyForDeploymentPostprocessing = 0;
		};
/* End PBXResourcesBuildPhase section */

/* Begin PBXSourcesBuildPhase section */
		BF598F2B2471C2E0005791F3 /* Sources */ = {
			isa = PBXSourcesBuildPhase;
			buildActionMask = 2147483647;
			files = (
				BF598F572471C874005791F3 /* TodosModel.swift in Sources */,
				BF598F4D2471C6F0005791F3 /* AppDelegate+Injection.swift in Sources */,
				BF598F332471C2E0005791F3 /* AppDelegate.swift in Sources */,
				BF598F352471C2E0005791F3 /* SceneDelegate.swift in Sources */,
				BFF732D12471CEBF005B17A8 /* StatusOverlay.swift in Sources */,
				BF598F592471C8AA005791F3 /* TodoEndpoints.swift in Sources */,
				BF598F372471C2E0005791F3 /* TodosListView.swift in Sources */,
			);
			runOnlyForDeploymentPostprocessing = 0;
		};
/* End PBXSourcesBuildPhase section */

/* Begin PBXVariantGroup section */
		BF598F3D2471C2E2005791F3 /* LaunchScreen.storyboard */ = {
			isa = PBXVariantGroup;
			children = (
				BF598F3E2471C2E2005791F3 /* Base */,
			);
			name = LaunchScreen.storyboard;
			sourceTree = "<group>";
		};
/* End PBXVariantGroup section */

/* Begin XCBuildConfiguration section */
		BF598F412471C2E2005791F3 /* Debug */ = {
			isa = XCBuildConfiguration;
			buildSettings = {
				ALWAYS_SEARCH_USER_PATHS = NO;
				CLANG_ANALYZER_NONNULL = YES;
				CLANG_ANALYZER_NUMBER_OBJECT_CONVERSION = YES_AGGRESSIVE;
				CLANG_CXX_LANGUAGE_STANDARD = "gnu++14";
				CLANG_CXX_LIBRARY = "libc++";
				CLANG_ENABLE_MODULES = YES;
				CLANG_ENABLE_OBJC_ARC = YES;
				CLANG_ENABLE_OBJC_WEAK = YES;
				CLANG_WARN_BLOCK_CAPTURE_AUTORELEASING = YES;
				CLANG_WARN_BOOL_CONVERSION = YES;
				CLANG_WARN_COMMA = YES;
				CLANG_WARN_CONSTANT_CONVERSION = YES;
				CLANG_WARN_DEPRECATED_OBJC_IMPLEMENTATIONS = YES;
				CLANG_WARN_DIRECT_OBJC_ISA_USAGE = YES_ERROR;
				CLANG_WARN_DOCUMENTATION_COMMENTS = YES;
				CLANG_WARN_EMPTY_BODY = YES;
				CLANG_WARN_ENUM_CONVERSION = YES;
				CLANG_WARN_INFINITE_RECURSION = YES;
				CLANG_WARN_INT_CONVERSION = YES;
				CLANG_WARN_NON_LITERAL_NULL_CONVERSION = YES;
				CLANG_WARN_OBJC_IMPLICIT_RETAIN_SELF = YES;
				CLANG_WARN_OBJC_LITERAL_CONVERSION = YES;
				CLANG_WARN_OBJC_ROOT_CLASS = YES_ERROR;
				CLANG_WARN_RANGE_LOOP_ANALYSIS = YES;
				CLANG_WARN_STRICT_PROTOTYPES = YES;
				CLANG_WARN_SUSPICIOUS_MOVE = YES;
				CLANG_WARN_UNGUARDED_AVAILABILITY = YES_AGGRESSIVE;
				CLANG_WARN_UNREACHABLE_CODE = YES;
				CLANG_WARN__DUPLICATE_METHOD_MATCH = YES;
				COPY_PHASE_STRIP = NO;
				DEBUG_INFORMATION_FORMAT = dwarf;
				ENABLE_STRICT_OBJC_MSGSEND = YES;
				ENABLE_TESTABILITY = YES;
				GCC_C_LANGUAGE_STANDARD = gnu11;
				GCC_DYNAMIC_NO_PIC = NO;
				GCC_NO_COMMON_BLOCKS = YES;
				GCC_OPTIMIZATION_LEVEL = 0;
				GCC_PREPROCESSOR_DEFINITIONS = (
					"DEBUG=1",
					"$(inherited)",
				);
				GCC_WARN_64_TO_32_BIT_CONVERSION = YES;
				GCC_WARN_ABOUT_RETURN_TYPE = YES_ERROR;
				GCC_WARN_UNDECLARED_SELECTOR = YES;
				GCC_WARN_UNINITIALIZED_AUTOS = YES_AGGRESSIVE;
				GCC_WARN_UNUSED_FUNCTION = YES;
				GCC_WARN_UNUSED_VARIABLE = YES;
				IPHONEOS_DEPLOYMENT_TARGET = 13.4;
				MTL_ENABLE_DEBUG_INFO = INCLUDE_SOURCE;
				MTL_FAST_MATH = YES;
				ONLY_ACTIVE_ARCH = YES;
				SDKROOT = iphoneos;
				SWIFT_ACTIVE_COMPILATION_CONDITIONS = DEBUG;
				SWIFT_OPTIMIZATION_LEVEL = "-Onone";
			};
			name = Debug;
		};
		BF598F422471C2E2005791F3 /* Release */ = {
			isa = XCBuildConfiguration;
			buildSettings = {
				ALWAYS_SEARCH_USER_PATHS = NO;
				CLANG_ANALYZER_NONNULL = YES;
				CLANG_ANALYZER_NUMBER_OBJECT_CONVERSION = YES_AGGRESSIVE;
				CLANG_CXX_LANGUAGE_STANDARD = "gnu++14";
				CLANG_CXX_LIBRARY = "libc++";
				CLANG_ENABLE_MODULES = YES;
				CLANG_ENABLE_OBJC_ARC = YES;
				CLANG_ENABLE_OBJC_WEAK = YES;
				CLANG_WARN_BLOCK_CAPTURE_AUTORELEASING = YES;
				CLANG_WARN_BOOL_CONVERSION = YES;
				CLANG_WARN_COMMA = YES;
				CLANG_WARN_CONSTANT_CONVERSION = YES;
				CLANG_WARN_DEPRECATED_OBJC_IMPLEMENTATIONS = YES;
				CLANG_WARN_DIRECT_OBJC_ISA_USAGE = YES_ERROR;
				CLANG_WARN_DOCUMENTATION_COMMENTS = YES;
				CLANG_WARN_EMPTY_BODY = YES;
				CLANG_WARN_ENUM_CONVERSION = YES;
				CLANG_WARN_INFINITE_RECURSION = YES;
				CLANG_WARN_INT_CONVERSION = YES;
				CLANG_WARN_NON_LITERAL_NULL_CONVERSION = YES;
				CLANG_WARN_OBJC_IMPLICIT_RETAIN_SELF = YES;
				CLANG_WARN_OBJC_LITERAL_CONVERSION = YES;
				CLANG_WARN_OBJC_ROOT_CLASS = YES_ERROR;
				CLANG_WARN_RANGE_LOOP_ANALYSIS = YES;
				CLANG_WARN_STRICT_PROTOTYPES = YES;
				CLANG_WARN_SUSPICIOUS_MOVE = YES;
				CLANG_WARN_UNGUARDED_AVAILABILITY = YES_AGGRESSIVE;
				CLANG_WARN_UNREACHABLE_CODE = YES;
				CLANG_WARN__DUPLICATE_METHOD_MATCH = YES;
				COPY_PHASE_STRIP = NO;
				DEBUG_INFORMATION_FORMAT = "dwarf-with-dsym";
				ENABLE_NS_ASSERTIONS = NO;
				ENABLE_STRICT_OBJC_MSGSEND = YES;
				GCC_C_LANGUAGE_STANDARD = gnu11;
				GCC_NO_COMMON_BLOCKS = YES;
				GCC_WARN_64_TO_32_BIT_CONVERSION = YES;
				GCC_WARN_ABOUT_RETURN_TYPE = YES_ERROR;
				GCC_WARN_UNDECLARED_SELECTOR = YES;
				GCC_WARN_UNINITIALIZED_AUTOS = YES_AGGRESSIVE;
				GCC_WARN_UNUSED_FUNCTION = YES;
				GCC_WARN_UNUSED_VARIABLE = YES;
				IPHONEOS_DEPLOYMENT_TARGET = 13.4;
				MTL_ENABLE_DEBUG_INFO = NO;
				MTL_FAST_MATH = YES;
				SDKROOT = iphoneos;
				SWIFT_COMPILATION_MODE = wholemodule;
				SWIFT_OPTIMIZATION_LEVEL = "-O";
				VALIDATE_PRODUCT = YES;
			};
			name = Release;
		};
		BF598F442471C2E2005791F3 /* Debug */ = {
			isa = XCBuildConfiguration;
			buildSettings = {
				ASSETCATALOG_COMPILER_APPICON_NAME = AppIcon;
				CODE_SIGN_STYLE = Automatic;
				DEVELOPMENT_ASSET_PATHS = "\"TodosExample/Assets/Preview Content\"";
				DEVELOPMENT_TEAM = R476D442DR;
				ENABLE_PREVIEWS = YES;
				INFOPLIST_FILE = TodosExample/App/Info.plist;
				LD_RUNPATH_SEARCH_PATHS = (
					"$(inherited)",
					"@executable_path/Frameworks",
				);
				PRODUCT_BUNDLE_IDENTIFIER = com.example.TodosExample;
				PRODUCT_NAME = "$(TARGET_NAME)";
				SWIFT_VERSION = 5.0;
				TARGETED_DEVICE_FAMILY = "1,2";
			};
			name = Debug;
		};
		BF598F452471C2E2005791F3 /* Release */ = {
			isa = XCBuildConfiguration;
			buildSettings = {
				ASSETCATALOG_COMPILER_APPICON_NAME = AppIcon;
				CODE_SIGN_STYLE = Automatic;
				DEVELOPMENT_ASSET_PATHS = "\"TodosExample/Assets/Preview Content\"";
				DEVELOPMENT_TEAM = R476D442DR;
				ENABLE_PREVIEWS = YES;
				INFOPLIST_FILE = TodosExample/App/Info.plist;
				LD_RUNPATH_SEARCH_PATHS = (
					"$(inherited)",
					"@executable_path/Frameworks",
				);
				PRODUCT_BUNDLE_IDENTIFIER = com.example.TodosExample;
				PRODUCT_NAME = "$(TARGET_NAME)";
				SWIFT_VERSION = 5.0;
				TARGETED_DEVICE_FAMILY = "1,2";
			};
			name = Release;
		};
/* End XCBuildConfiguration section */

/* Begin XCConfigurationList section */
		BF598F2A2471C2E0005791F3 /* Build configuration list for PBXProject "TodosExample" */ = {
			isa = XCConfigurationList;
			buildConfigurations = (
				BF598F412471C2E2005791F3 /* Debug */,
				BF598F422471C2E2005791F3 /* Release */,
			);
			defaultConfigurationIsVisible = 0;
			defaultConfigurationName = Release;
		};
		BF598F432471C2E2005791F3 /* Build configuration list for PBXNativeTarget "TodosExample" */ = {
			isa = XCConfigurationList;
			buildConfigurations = (
				BF598F442471C2E2005791F3 /* Debug */,
				BF598F452471C2E2005791F3 /* Release */,
			);
			defaultConfigurationIsVisible = 0;
			defaultConfigurationName = Release;
		};
/* End XCConfigurationList section */

/* Begin XCRemoteSwiftPackageReference section */
		BF4D2B1C2471CB0B0080E50F /* XCRemoteSwiftPackageReference "tinier-networking" */ = {
			isa = XCRemoteSwiftPackageReference;
			repositoryURL = "https://github.com/ralfebert/tinier-networking.git";
			requirement = {
				kind = upToNextMajorVersion;
				minimumVersion = 0.1.0;
			};
		};
		BF598F462471C5C5005791F3 /* XCRemoteSwiftPackageReference "ActivityIndicatorView" */ = {
			isa = XCRemoteSwiftPackageReference;
			repositoryURL = "https://github.com/ralfebert/ActivityIndicatorView.git";
			requirement = {
				kind = upToNextMajorVersion;
				minimumVersion = 1.0.0;
			};
		};
		BF598F492471C6CD005791F3 /* XCRemoteSwiftPackageReference "Resolver" */ = {
			isa = XCRemoteSwiftPackageReference;
			repositoryURL = "https://github.com/hmlongco/Resolver.git";
			requirement = {
				kind = upToNextMajorVersion;
				minimumVersion = 1.1.4;
			};
		};
		BF598F512471C7AC005791F3 /* XCRemoteSwiftPackageReference "EndpointModel" */ = {
			isa = XCRemoteSwiftPackageReference;
			repositoryURL = "https://github.com/ralfebert/EndpointModel.git";
			requirement = {
				kind = upToNextMajorVersion;
				minimumVersion = 0.1.3;
			};
		};
/* End XCRemoteSwiftPackageReference section */

/* Begin XCSwiftPackageProductDependency section */
		BF4D2B1D2471CB0B0080E50F /* TinierNetworking */ = {
			isa = XCSwiftPackageProductDependency;
			package = BF4D2B1C2471CB0B0080E50F /* XCRemoteSwiftPackageReference "tinier-networking" */;
			productName = TinierNetworking;
		};
		BF598F472471C5C5005791F3 /* ActivityIndicatorView */ = {
			isa = XCSwiftPackageProductDependency;
			package = BF598F462471C5C5005791F3 /* XCRemoteSwiftPackageReference "ActivityIndicatorView" */;
			productName = ActivityIndicatorView;
		};
		BF598F4A2471C6CD005791F3 /* Resolver */ = {
			isa = XCSwiftPackageProductDependency;
			package = BF598F492471C6CD005791F3 /* XCRemoteSwiftPackageReference "Resolver" */;
			productName = Resolver;
		};
		BF598F522471C7AC005791F3 /* EndpointModel */ = {
			isa = XCSwiftPackageProductDependency;
			package = BF598F512471C7AC005791F3 /* XCRemoteSwiftPackageReference "EndpointModel" */;
			productName = EndpointModel;
		};
/* End XCSwiftPackageProductDependency section */
	};
	rootObject = BF598F272471C2E0005791F3 /* Project object */;
}
