{
  "object": {
    "pins": [
      {
        "package": "Endpoint",
        "repositoryURL": "https://github.com/ralfebert/endpoint.git",
        "state": {
          "branch": null,
          "revision": "b886e173041bc0ea7c22a5a42fcda1fbc1f7f8cd",
          "version": "0.1.3"
        }
      },
      {
        "package": "HttpEnums",
        "repositoryURL": "https://github.com/ralfebert/HttpEnums.git",
        "state": {
          "branch": null,
          "revision": "645a24b8c53bcb0b4b22c40c4bfb605196c18da1",
          "version": "0.1.1"
        }
      },
      {
        "package": "SweetURLRequest",
        "repositoryURL": "https://github.com/ralfebert/SweetURLRequest.git",
        "state": {
          "branch": null,
          "revision": "4976be0230e7ceba2d0568588b09e44e886daf6d",
          "version": "0.1.7"
        }
      }
    ]
  },
  "version": 1
}
