{
  "object": {
    "pins": [
      {
        "package": "EndpointModel",
        "repositoryURL": "https://github.com/ralfebert/EndpointModel/",
        "state": {
          "branch": null,
          "revision": "084382501df983c5f5788aae84a93b2983b40df8",
          "version": "0.2.0"
        }
      },
      {
        "package": "SweetURLRequest",
        "repositoryURL": "https://github.com/ralfebert/SweetURLRequest.git",
        "state": {
          "branch": null,
          "revision": "68b67b9eec051a729431e442571abcc2c54d3838",
          "version": "0.1.14"
        }
      }
    ]
  },
  "version": 1
}
